{
  "name": "exp_psych_programs_25s",
  "version": "1.0.0",
  "lockfileVersion": 3,
  "requires": true,
  "packages": {
    "": {
      "name": "exp_psych_programs_25s",
      "version": "1.0.0",
      "license": "ISC",
      "dependencies": {
        "survey-react-ui": "^2.0.1"
      }
    },
    "node_modules/react": {
      "version": "19.0.0",
      "resolved": "https://registry.npmjs.org/react/-/react-19.0.0.tgz",
      "integrity": "sha512-V8AVnmPIICiWpGfm6GLzCR/W5FXLchHop40W4nXBmdlEceh16rCN8O8LNWm5bh5XUX91fh7KpA+W0TgMKmgTpQ==",
      "license": "MIT",
      "peer": true,
      "engines": {
        "node": ">=0.10.0"
      }
    },
    "node_modules/react-dom": {
      "version": "19.0.0",
      "resolved": "https://registry.npmjs.org/react-dom/-/react-dom-19.0.0.tgz",
      "integrity": "sha512-4GV5sHFG0e/0AD4X+ySy6UJd3jVl1iNsNHdpad0qhABJ11twS3TTBnseqsKurKcsNqCEFeGL3uLpVChpIO3QfQ==",
      "license": "MIT",
      "peer": true,
      "dependencies": {
        "scheduler": "^0.25.0"
      },
      "peerDependencies": {
        "react": "^19.0.0"
      }
    },
    "node_modules/scheduler": {
      "version": "0.25.0",
      "resolved": "https://registry.npmjs.org/scheduler/-/scheduler-0.25.0.tgz",
      "integrity": "sha512-xFVuu11jh+xcO7JOAGJNOXld8/TcEHK/4CituBUeUb5hqxJLj9YuemAEuvm9gQ/+pgXYfbQuqAkiYu+u7YEsNA==",
      "license": "MIT",
      "peer": true
    },
    "node_modules/survey-core": {
      "version": "2.0.1",
      "resolved": "https://registry.npmjs.org/survey-core/-/survey-core-2.0.1.tgz",
      "integrity": "sha512-Vp9C+JqeIaWhRQziLHT3p1zg/8a9ITJBzq8EH18aL8fBdxyePOEip3eqJbUJlubf27azA5yRP9oZnC3rZE5HFg==",
      "license": "MIT",
      "peer": true
    },
    "node_modules/survey-react-ui": {
      "version": "2.0.1",
      "resolved": "https://registry.npmjs.org/survey-react-ui/-/survey-react-ui-2.0.1.tgz",
      "integrity": "sha512-rliogC3sSTm8lbZmowAvsCIOmjMkSwzWL894qNMUZOUwhHsOdGd8HCHIuNGt+MQ4vnYDEEPMO6R3X40gRgjPIQ==",
      "license": "MIT",
      "peerDependencies": {
        "react": "^16.5.0 || ^17.0.1 || ^18.1.0 || ^19.0.0",
        "react-dom": "^16.5.0 || ^17.0.1 || ^18.1.0 || ^19.0.0",
        "survey-core": "2.0.1"
      }
    }
  }
}
